
Microsoft Visual Studio Solution File, Format Version 12.00
# Visual Studio Version 16
VisualStudioVersion = 16.0.30406.217
MinimumVisualStudioVersion = 10.0.40219.1
Project("{8BC9CEB8-8B4A-11D0-8D11-00A0C91BC942}") = "DreamLifter", "DreamLifter\DreamLifter.vcxproj", "{50CD1992-5B7C-4D83-B283-CD471C2F5AED}"
EndProject
Project("{8BC9CEB8-8B4A-11D0-8D11-00A0C91BC942}") = "WppRecorderUMStub", "WppRecorderUMStub\WppRecorderUMStub.vcxproj", "{C8C9D96C-30EA-4BF3-B4A7-46E88B7D7E56}"
EndProject
Project("{8BC9CEB8-8B4A-11D0-8D11-00A0C91BC942}") = "UcmProxy", "UcmProxy\UcmProxy.vcxproj", "{0CF78D3B-AFCD-4B86-8C5E-5FA636943D7B}"
EndProject
Project("{8BC9CEB8-8B4A-11D0-8D11-00A0C91BC942}") = "UcmProxyKm", "UcmProxyKm\UcmProxyKm.vcxproj", "{DB06048C-A76A-4DEB-A498-4B369202ACC7}"
EndProject
Global
	GlobalSection(SolutionConfigurationPlatforms) = preSolution
		Debug|ARM = Debug|ARM
		Debug|ARM64 = Debug|ARM64
		Debug|x64 = Debug|x64
		Debug|x86 = Debug|x86
		Release|ARM = Release|ARM
		Release|ARM64 = Release|ARM64
		Release|x64 = Release|x64
		Release|x86 = Release|x86
	EndGlobalSection
	GlobalSection(ProjectConfigurationPlatforms) = postSolution
		{50CD1992-5B7C-4D83-B283-CD471C2F5AED}.Debug|ARM.ActiveCfg = Debug|ARM
		{50CD1992-5B7C-4D83-B283-CD471C2F5AED}.Debug|ARM.Build.0 = Debug|ARM
		{50CD1992-5B7C-4D83-B283-CD471C2F5AED}.Debug|ARM64.ActiveCfg = Debug|ARM64
		{50CD1992-5B7C-4D83-B283-CD471C2F5AED}.Debug|ARM64.Build.0 = Debug|ARM64
		{50CD1992-5B7C-4D83-B283-CD471C2F5AED}.Debug|x64.ActiveCfg = Debug|x64
		{50CD1992-5B7C-4D83-B283-CD471C2F5AED}.Debug|x64.Build.0 = Debug|x64
		{50CD1992-5B7C-4D83-B283-CD471C2F5AED}.Debug|x86.ActiveCfg = Debug|Win32
		{50CD1992-5B7C-4D83-B283-CD471C2F5AED}.Debug|x86.Build.0 = Debug|Win32
		{50CD1992-5B7C-4D83-B283-CD471C2F5AED}.Release|ARM.ActiveCfg = Release|ARM
		{50CD1992-5B7C-4D83-B283-CD471C2F5AED}.Release|ARM.Build.0 = Release|ARM
		{50CD1992-5B7C-4D83-B283-CD471C2F5AED}.Release|ARM64.ActiveCfg = Release|ARM64
		{50CD1992-5B7C-4D83-B283-CD471C2F5AED}.Release|ARM64.Build.0 = Release|ARM64
		{50CD1992-5B7C-4D83-B283-CD471C2F5AED}.Release|x64.ActiveCfg = Release|x64
		{50CD1992-5B7C-4D83-B283-CD471C2F5AED}.Release|x64.Build.0 = Release|x64
		{50CD1992-5B7C-4D83-B283-CD471C2F5AED}.Release|x86.ActiveCfg = Release|Win32
		{50CD1992-5B7C-4D83-B283-CD471C2F5AED}.Release|x86.Build.0 = Release|Win32
		{C8C9D96C-30EA-4BF3-B4A7-46E88B7D7E56}.Debug|ARM.ActiveCfg = Debug|ARM
		{C8C9D96C-30EA-4BF3-B4A7-46E88B7D7E56}.Debug|ARM.Build.0 = Debug|ARM
		{C8C9D96C-30EA-4BF3-B4A7-46E88B7D7E56}.Debug|ARM64.ActiveCfg = Debug|ARM64
		{C8C9D96C-30EA-4BF3-B4A7-46E88B7D7E56}.Debug|ARM64.Build.0 = Debug|ARM64
		{C8C9D96C-30EA-4BF3-B4A7-46E88B7D7E56}.Debug|x64.ActiveCfg = Debug|x64
		{C8C9D96C-30EA-4BF3-B4A7-46E88B7D7E56}.Debug|x64.Build.0 = Debug|x64
		{C8C9D96C-30EA-4BF3-B4A7-46E88B7D7E56}.Debug|x86.ActiveCfg = Debug|Win32
		{C8C9D96C-30EA-4BF3-B4A7-46E88B7D7E56}.Debug|x86.Build.0 = Debug|Win32
		{C8C9D96C-30EA-4BF3-B4A7-46E88B7D7E56}.Release|ARM.ActiveCfg = Release|ARM
		{C8C9D96C-30EA-4BF3-B4A7-46E88B7D7E56}.Release|ARM.Build.0 = Release|ARM
		{C8C9D96C-30EA-4BF3-B4A7-46E88B7D7E56}.Release|ARM64.ActiveCfg = Release|ARM64
		{C8C9D96C-30EA-4BF3-B4A7-46E88B7D7E56}.Release|ARM64.Build.0 = Release|ARM64
		{C8C9D96C-30EA-4BF3-B4A7-46E88B7D7E56}.Release|x64.ActiveCfg = Release|x64
		{C8C9D96C-30EA-4BF3-B4A7-46E88B7D7E56}.Release|x64.Build.0 = Release|x64
		{C8C9D96C-30EA-4BF3-B4A7-46E88B7D7E56}.Release|x86.ActiveCfg = Release|Win32
		{C8C9D96C-30EA-4BF3-B4A7-46E88B7D7E56}.Release|x86.Build.0 = Release|Win32
		{0CF78D3B-AFCD-4B86-8C5E-5FA636943D7B}.Debug|ARM.ActiveCfg = Debug|ARM
		{0CF78D3B-AFCD-4B86-8C5E-5FA636943D7B}.Debug|ARM.Build.0 = Debug|ARM
		{0CF78D3B-AFCD-4B86-8C5E-5FA636943D7B}.Debug|ARM.Deploy.0 = Debug|ARM
		{0CF78D3B-AFCD-4B86-8C5E-5FA636943D7B}.Debug|ARM64.ActiveCfg = Debug|ARM64
		{0CF78D3B-AFCD-4B86-8C5E-5FA636943D7B}.Debug|ARM64.Build.0 = Debug|ARM64
		{0CF78D3B-AFCD-4B86-8C5E-5FA636943D7B}.Debug|ARM64.Deploy.0 = Debug|ARM64
		{0CF78D3B-AFCD-4B86-8C5E-5FA636943D7B}.Debug|x64.ActiveCfg = Debug|x64
		{0CF78D3B-AFCD-4B86-8C5E-5FA636943D7B}.Debug|x64.Build.0 = Debug|x64
		{0CF78D3B-AFCD-4B86-8C5E-5FA636943D7B}.Debug|x64.Deploy.0 = Debug|x64
		{0CF78D3B-AFCD-4B86-8C5E-5FA636943D7B}.Debug|x86.ActiveCfg = Debug|Win32
		{0CF78D3B-AFCD-4B86-8C5E-5FA636943D7B}.Debug|x86.Build.0 = Debug|Win32
		{0CF78D3B-AFCD-4B86-8C5E-5FA636943D7B}.Debug|x86.Deploy.0 = Debug|Win32
		{0CF78D3B-AFCD-4B86-8C5E-5FA636943D7B}.Release|ARM.ActiveCfg = Release|ARM
		{0CF78D3B-AFCD-4B86-8C5E-5FA636943D7B}.Release|ARM.Build.0 = Release|ARM
		{0CF78D3B-AFCD-4B86-8C5E-5FA636943D7B}.Release|ARM.Deploy.0 = Release|ARM
		{0CF78D3B-AFCD-4B86-8C5E-5FA636943D7B}.Release|ARM64.ActiveCfg = Release|ARM64
		{0CF78D3B-AFCD-4B86-8C5E-5FA636943D7B}.Release|ARM64.Build.0 = Release|ARM64
		{0CF78D3B-AFCD-4B86-8C5E-5FA636943D7B}.Release|ARM64.Deploy.0 = Release|ARM64
		{0CF78D3B-AFCD-4B86-8C5E-5FA636943D7B}.Release|x64.ActiveCfg = Release|x64
		{0CF78D3B-AFCD-4B86-8C5E-5FA636943D7B}.Release|x64.Build.0 = Release|x64
		{0CF78D3B-AFCD-4B86-8C5E-5FA636943D7B}.Release|x64.Deploy.0 = Release|x64
		{0CF78D3B-AFCD-4B86-8C5E-5FA636943D7B}.Release|x86.ActiveCfg = Release|Win32
		{0CF78D3B-AFCD-4B86-8C5E-5FA636943D7B}.Release|x86.Build.0 = Release|Win32
		{0CF78D3B-AFCD-4B86-8C5E-5FA636943D7B}.Release|x86.Deploy.0 = Release|Win32
		{DB06048C-A76A-4DEB-A498-4B369202ACC7}.Debug|ARM.ActiveCfg = Debug|ARM
		{DB06048C-A76A-4DEB-A498-4B369202ACC7}.Debug|ARM.Build.0 = Debug|ARM
		{DB06048C-A76A-4DEB-A498-4B369202ACC7}.Debug|ARM.Deploy.0 = Debug|ARM
		{DB06048C-A76A-4DEB-A498-4B369202ACC7}.Debug|ARM64.ActiveCfg = Debug|ARM64
		{DB06048C-A76A-4DEB-A498-4B369202ACC7}.Debug|ARM64.Build.0 = Debug|ARM64
		{DB06048C-A76A-4DEB-A498-4B369202ACC7}.Debug|ARM64.Deploy.0 = Debug|ARM64
		{DB06048C-A76A-4DEB-A498-4B369202ACC7}.Debug|x64.ActiveCfg = Debug|x64
		{DB06048C-A76A-4DEB-A498-4B369202ACC7}.Debug|x64.Build.0 = Debug|x64
		{DB06048C-A76A-4DEB-A498-4B369202ACC7}.Debug|x64.Deploy.0 = Debug|x64
		{DB06048C-A76A-4DEB-A498-4B369202ACC7}.Debug|x86.ActiveCfg = Debug|Win32
		{DB06048C-A76A-4DEB-A498-4B369202ACC7}.Debug|x86.Build.0 = Debug|Win32
		{DB06048C-A76A-4DEB-A498-4B369202ACC7}.Debug|x86.Deploy.0 = Debug|Win32
		{DB06048C-A76A-4DEB-A498-4B369202ACC7}.Release|ARM.ActiveCfg = Release|ARM
		{DB06048C-A76A-4DEB-A498-4B369202ACC7}.Release|ARM.Build.0 = Release|ARM
		{DB06048C-A76A-4DEB-A498-4B369202ACC7}.Release|ARM.Deploy.0 = Release|ARM
		{DB06048C-A76A-4DEB-A498-4B369202ACC7}.Release|ARM64.ActiveCfg = Release|ARM64
		{DB06048C-A76A-4DEB-A498-4B369202ACC7}.Release|ARM64.Build.0 = Release|ARM64
		{DB06048C-A76A-4DEB-A498-4B369202ACC7}.Release|ARM64.Deploy.0 = Release|ARM64
		{DB06048C-A76A-4DEB-A498-4B369202ACC7}.Release|x64.ActiveCfg = Release|x64
		{DB06048C-A76A-4DEB-A498-4B369202ACC7}.Release|x64.Build.0 = Release|x64
		{DB06048C-A76A-4DEB-A498-4B369202ACC7}.Release|x64.Deploy.0 = Release|x64
		{DB06048C-A76A-4DEB-A498-4B369202ACC7}.Release|x86.ActiveCfg = Release|Win32
		{DB06048C-A76A-4DEB-A498-4B369202ACC7}.Release|x86.Build.0 = Release|Win32
		{DB06048C-A76A-4DEB-A498-4B369202ACC7}.Release|x86.Deploy.0 = Release|Win32
	EndGlobalSection
	GlobalSection(SolutionProperties) = preSolution
		HideSolutionNode = FALSE
	EndGlobalSection
	GlobalSection(ExtensibilityGlobals) = postSolution
		SolutionGuid = {02DAF000-519C-4B52-9AE6-99AFF02490D3}
	EndGlobalSection
EndGlobal
