<?xml version="1.0" encoding="utf-8"?>
<Project ToolsVersion="4.0" xmlns="http://schemas.microsoft.com/developer/msbuild/2003">
  <ItemGroup>
    <Filter Include="Source Files">
      <UniqueIdentifier>{4FC737F1-C7A5-4376-A066-2A32D752A2FF}</UniqueIdentifier>
      <Extensions>cpp;c;cc;cxx;c++;cppm;ixx;def;odl;idl;hpj;bat;asm;asmx</Extensions>
    </Filter>
    <Filter Include="Header Files">
      <UniqueIdentifier>{93995380-89BD-4b04-88EB-625FBE52EBFB}</UniqueIdentifier>
      <Extensions>h;hh;hpp;hxx;h++;hm;inl;inc;ipp;xsd</Extensions>
    </Filter>
    <Filter Include="Resource Files">
      <UniqueIdentifier>{67DA6AB6-F800-4c08-8B7A-83BB121AAD01}</UniqueIdentifier>
      <Extensions>rc;ico;cur;bmp;dlg;rc2;rct;bin;rgs;gif;jpg;jpeg;jpe;resx;tiff;tif;png;wav;mfcribbon-ms</Extensions>
    </Filter>
    <Filter Include="Header Files\UMDF">
      <UniqueIdentifier>{540c3b66-5960-4346-9512-867bddd6ebf9}</UniqueIdentifier>
    </Filter>
    <Filter Include="Source Files\UMDF">
      <UniqueIdentifier>{2a02a4cd-2bf4-416c-9e48-7d37be3c33b3}</UniqueIdentifier>
    </Filter>
    <Filter Include="Source Files\UcmCx">
      <UniqueIdentifier>{33ddbcff-23c5-4aea-b161-ba0c81e9efac}</UniqueIdentifier>
    </Filter>
    <Filter Include="Header Files\UcmCx">
      <UniqueIdentifier>{5f861f54-c885-4cfe-8477-1db8d0f8a43e}</UniqueIdentifier>
    </Filter>
  </ItemGroup>
  <ItemGroup>
    <ClInclude Include="include\MinUmdfLoaderInterface.h">
      <Filter>Header Files</Filter>
    </ClInclude>
    <ClInclude Include="include\DreamLifter.h">
      <Filter>Header Files</Filter>
    </ClInclude>
    <ClInclude Include="include\wdf\um\UmdfDriverEnums0215.h">
      <Filter>Header Files\UMDF</Filter>
    </ClInclude>
    <ClInclude Include="include\wdf\um\MinUmdf0215.h">
      <Filter>Header Files\UMDF</Filter>
    </ClInclude>
    <ClInclude Include="resource.h">
      <Filter>Header Files</Filter>
    </ClInclude>
    <ClInclude Include="include\wdf\UcmCx\MinUcmCx0100.h">
      <Filter>Header Files\UcmCx</Filter>
    </ClInclude>
    <ClInclude Include="include\wdf\UcmCx\UcmFuncEnums0100.h">
      <Filter>Header Files\UcmCx</Filter>
    </ClInclude>
  </ItemGroup>
  <ItemGroup>
    <ClCompile Include="DreamLifter.c">
      <Filter>Source Files</Filter>
    </ClCompile>
    <ClCompile Include="um\MinUmdf0215.c">
      <Filter>Source Files\UMDF</Filter>
    </ClCompile>
    <ClCompile Include="UcmCx\MinUcmCx0100.c">
      <Filter>Source Files\UcmCx</Filter>
    </ClCompile>
  </ItemGroup>
  <ItemGroup>
    <ResourceCompile Include="Resource.rc">
      <Filter>Resource Files</Filter>
    </ResourceCompile>
  </ItemGroup>
</Project>